
Microsoft Visual Studio Solution File, Format Version 12.00
# Visual Studio Version 17
VisualStudioVersion = 17.4.33205.214
MinimumVisualStudioVersion = 10.0.40219.1
Project("{888888A0-9F3D-457C-B088-3A5042F75D52}") = "PythonMinecraftJavastarForWindows", "PythonMinecraftJavastarForWindows.pyproj", "{72629E31-164B-4C63-8D9E-6A8D50153622}"
EndProject
Global
	GlobalSection(SolutionConfigurationPlatforms) = preSolution
		Debug|Any CPU = Debug|Any CPU
		Release|Any CPU = Release|Any CPU
	EndGlobalSection
	GlobalSection(ProjectConfigurationPlatforms) = postSolution
		{72629E31-164B-4C63-8D9E-6A8D50153622}.Debug|Any CPU.ActiveCfg = Debug|Any CPU
		{72629E31-164B-4C63-8D9E-6A8D50153622}.Release|Any CPU.ActiveCfg = Release|Any CPU
	EndGlobalSection
	GlobalSection(SolutionProperties) = preSolution
		HideSolutionNode = FALSE
	EndGlobalSection
	GlobalSection(ExtensibilityGlobals) = postSolution
		SolutionGuid = {62593AEC-B626-4F64-8FB2-F5F5A352F256}
	EndGlobalSection
EndGlobal
